# This file was autogenerated by Stack.
# You should not edit this file by hand.
# For more information, please see the documentation at:
#   https://docs.haskellstack.org/en/stable/lock_files

packages:
- completed:
    hackage: postgresql-simple-migration-0.1.15.0@sha256:0e24e96908430f5caf9c1c1d9ca7c5c108e4e0409a255e2cbd77e8cd252dbb02,3879
    pantry-tree:
      size: 766
      sha256: c2843bfe43b804992bc913f33ec6b2c6cb0fc99c6d931b6ff85894e8aef9a99e
  original:
    hackage: postgresql-simple-migration-0.1.15.0
snapshots:
- completed:
    size: 532381
    url: https://raw.githubusercontent.com/commercialhaskell/stackage-snapshots/master/lts/16/11.yaml
    sha256: 1f43c4ad661a114a4f9dd4580988f30da1208d844c097714f5867c52a02e0aa1
  original: lts-16.11
